
Microsoft Visual Studio Solution File, Format Version 12.00
# Visual Studio Version 16
VisualStudioVersion = 16.0.30804.86
MinimumVisualStudioVersion = 10.0.40219.1
Project("{FAE04EC0-301F-11D3-BF4B-00C04F79EFBC}") = "SnakeProjekt[Mju-20]-Haydar-Anthony-Basma", "SnakeProjekt[Mju-20]-Haydar-Anthony-Basma\SnakeProjekt[Mju-20]-Haydar-Anthony-Basma.csproj", "{D0F8EA05-A591-4CBF-B22E-FDC6E0F99307}"
EndProject
Global
	GlobalSection(SolutionConfigurationPlatforms) = preSolution
		Debug|Any CPU = Debug|Any CPU
		Release|Any CPU = Release|Any CPU
	EndGlobalSection
	GlobalSection(ProjectConfigurationPlatforms) = postSolution
		{D0F8EA05-A591-4CBF-B22E-FDC6E0F99307}.Debug|Any CPU.ActiveCfg = Debug|Any CPU
		{D0F8EA05-A591-4CBF-B22E-FDC6E0F99307}.Debug|Any CPU.Build.0 = Debug|Any CPU
		{D0F8EA05-A591-4CBF-B22E-FDC6E0F99307}.Release|Any CPU.ActiveCfg = Release|Any CPU
		{D0F8EA05-A591-4CBF-B22E-FDC6E0F99307}.Release|Any CPU.Build.0 = Release|Any CPU
	EndGlobalSection
	GlobalSection(SolutionProperties) = preSolution
		HideSolutionNode = FALSE
	EndGlobalSection
	GlobalSection(ExtensibilityGlobals) = postSolution
		SolutionGuid = {3D0E379D-C5A9-43E0-8C9C-BD7B7743495D}
	EndGlobalSection
EndGlobal
